
Microsoft Visual Studio Solution File, Format Version 12.00
# Visual Studio 15
VisualStudioVersion = 15.0.28307.1209
MinimumVisualStudioVersion = 10.0.40219.1
Project("{FAE04EC0-301F-11D3-BF4B-00C04F79EFBC}") = "ServiciosMedicamentos", "ServiciosMedicamentos\ServiciosMedicamentos.csproj", "{8F65247D-97B1-4498-95BC-0BABBB646426}"
EndProject
Global
	GlobalSection(SolutionConfigurationPlatforms) = preSolution
		Debug|Any CPU = Debug|Any CPU
		Release|Any CPU = Release|Any CPU
	EndGlobalSection
	GlobalSection(ProjectConfigurationPlatforms) = postSolution
		{8F65247D-97B1-4498-95BC-0BABBB646426}.Debug|Any CPU.ActiveCfg = Debug|Any CPU
		{8F65247D-97B1-4498-95BC-0BABBB646426}.Debug|Any CPU.Build.0 = Debug|Any CPU
		{8F65247D-97B1-4498-95BC-0BABBB646426}.Release|Any CPU.ActiveCfg = Release|Any CPU
		{8F65247D-97B1-4498-95BC-0BABBB646426}.Release|Any CPU.Build.0 = Release|Any CPU
	EndGlobalSection
	GlobalSection(SolutionProperties) = preSolution
		HideSolutionNode = FALSE
	EndGlobalSection
	GlobalSection(ExtensibilityGlobals) = postSolution
		SolutionGuid = {BFBEA865-E1AF-4BB1-9F86-9502C3ACDE6D}
	EndGlobalSection
EndGlobal
